
Microsoft Visual Studio Solution File, Format Version 12.00
# Visual Studio Version 17
VisualStudioVersion = 17.0.32014.148
MinimumVisualStudioVersion = 10.0.40219.1
Project("{9A19103F-16F7-4668-BE54-9A1E7A4F7556}") = "ModelingSystem.Server", "ModelingSystem\Server\ModelingSystem.Server.csproj", "{CA6C2E88-78C1-4E5B-A9D4-F38CD1692952}"
EndProject
Project("{9A19103F-16F7-4668-BE54-9A1E7A4F7556}") = "ModelingSystem.Client", "ModelingSystem\Client\ModelingSystem.Client.csproj", "{E41A45B9-2BF5-41DE-928C-CBCA5800A1CD}"
EndProject
Project("{9A19103F-16F7-4668-BE54-9A1E7A4F7556}") = "ModelingSystem.Shared", "ModelingSystem\Shared\ModelingSystem.Shared.csproj", "{43DED4D5-5559-44BE-B114-4906394BB740}"
EndProject
Project("{E53339B2-1760-4266-BCC7-CA923CBCF16C}") = "docker-compose", "docker-compose.dcproj", "{5AFCC755-62EC-4537-A79A-72673C5E4061}"
EndProject
Project("{FAE04EC0-301F-11D3-BF4B-00C04F79EFBC}") = "BlazorAuthentication.Server", "BlazorAuthentication\Server\BlazorAuthentication.Server.csproj", "{3070F685-462A-45D9-BB34-870F99ACA331}"
EndProject
Project("{FAE04EC0-301F-11D3-BF4B-00C04F79EFBC}") = "BlazorAuthentication.Client", "BlazorAuthentication\Client\BlazorAuthentication.Client.csproj", "{DFDB6508-F5BC-4B47-B61B-99694770FBB9}"
EndProject
Project("{FAE04EC0-301F-11D3-BF4B-00C04F79EFBC}") = "BlazorAuthentication.Shared", "BlazorAuthentication\Shared\BlazorAuthentication.Shared.csproj", "{3389868F-0C11-45AB-8F3E-48029790E88E}"
EndProject
Global
	GlobalSection(SolutionConfigurationPlatforms) = preSolution
		Debug|Any CPU = Debug|Any CPU
		Release|Any CPU = Release|Any CPU
	EndGlobalSection
	GlobalSection(ProjectConfigurationPlatforms) = postSolution
		{CA6C2E88-78C1-4E5B-A9D4-F38CD1692952}.Debug|Any CPU.ActiveCfg = Debug|Any CPU
		{CA6C2E88-78C1-4E5B-A9D4-F38CD1692952}.Debug|Any CPU.Build.0 = Debug|Any CPU
		{CA6C2E88-78C1-4E5B-A9D4-F38CD1692952}.Release|Any CPU.ActiveCfg = Release|Any CPU
		{CA6C2E88-78C1-4E5B-A9D4-F38CD1692952}.Release|Any CPU.Build.0 = Release|Any CPU
		{E41A45B9-2BF5-41DE-928C-CBCA5800A1CD}.Debug|Any CPU.ActiveCfg = Debug|Any CPU
		{E41A45B9-2BF5-41DE-928C-CBCA5800A1CD}.Debug|Any CPU.Build.0 = Debug|Any CPU
		{E41A45B9-2BF5-41DE-928C-CBCA5800A1CD}.Release|Any CPU.ActiveCfg = Release|Any CPU
		{E41A45B9-2BF5-41DE-928C-CBCA5800A1CD}.Release|Any CPU.Build.0 = Release|Any CPU
		{43DED4D5-5559-44BE-B114-4906394BB740}.Debug|Any CPU.ActiveCfg = Debug|Any CPU
		{43DED4D5-5559-44BE-B114-4906394BB740}.Debug|Any CPU.Build.0 = Debug|Any CPU
		{43DED4D5-5559-44BE-B114-4906394BB740}.Release|Any CPU.ActiveCfg = Release|Any CPU
		{43DED4D5-5559-44BE-B114-4906394BB740}.Release|Any CPU.Build.0 = Release|Any CPU
		{5AFCC755-62EC-4537-A79A-72673C5E4061}.Debug|Any CPU.ActiveCfg = Debug|Any CPU
		{5AFCC755-62EC-4537-A79A-72673C5E4061}.Debug|Any CPU.Build.0 = Debug|Any CPU
		{5AFCC755-62EC-4537-A79A-72673C5E4061}.Release|Any CPU.ActiveCfg = Release|Any CPU
		{5AFCC755-62EC-4537-A79A-72673C5E4061}.Release|Any CPU.Build.0 = Release|Any CPU
		{3070F685-462A-45D9-BB34-870F99ACA331}.Debug|Any CPU.ActiveCfg = Debug|Any CPU
		{3070F685-462A-45D9-BB34-870F99ACA331}.Debug|Any CPU.Build.0 = Debug|Any CPU
		{3070F685-462A-45D9-BB34-870F99ACA331}.Release|Any CPU.ActiveCfg = Release|Any CPU
		{3070F685-462A-45D9-BB34-870F99ACA331}.Release|Any CPU.Build.0 = Release|Any CPU
		{DFDB6508-F5BC-4B47-B61B-99694770FBB9}.Debug|Any CPU.ActiveCfg = Debug|Any CPU
		{DFDB6508-F5BC-4B47-B61B-99694770FBB9}.Debug|Any CPU.Build.0 = Debug|Any CPU
		{DFDB6508-F5BC-4B47-B61B-99694770FBB9}.Release|Any CPU.ActiveCfg = Release|Any CPU
		{DFDB6508-F5BC-4B47-B61B-99694770FBB9}.Release|Any CPU.Build.0 = Release|Any CPU
		{3389868F-0C11-45AB-8F3E-48029790E88E}.Debug|Any CPU.ActiveCfg = Debug|Any CPU
		{3389868F-0C11-45AB-8F3E-48029790E88E}.Debug|Any CPU.Build.0 = Debug|Any CPU
		{3389868F-0C11-45AB-8F3E-48029790E88E}.Release|Any CPU.ActiveCfg = Release|Any CPU
		{3389868F-0C11-45AB-8F3E-48029790E88E}.Release|Any CPU.Build.0 = Release|Any CPU
	EndGlobalSection
	GlobalSection(SolutionProperties) = preSolution
		HideSolutionNode = FALSE
	EndGlobalSection
	GlobalSection(ExtensibilityGlobals) = postSolution
		SolutionGuid = {0B79D67F-F73B-4773-8A65-586B60A89848}
	EndGlobalSection
EndGlobal
